<Solution>
  <Folder Name="/src/">
    <Project Path="src/NoCTF.Domain/NoCTF.Domain.csproj" />
    <Project Path="src/NoCTF.Application/NoCTF.Application.csproj" />
    <Project Path="src/NoCTF.GameModes/NoCTF.GameModes.csproj" />
    <Project Path="src/NoCTF.Infrastructure/NoCTF.Infrastructure.csproj" />
    <Project Path="src/NoCTF.Hosting/NoCTF.Hosting.csproj" />
    <Project Path="src/NoCTF.Runtime.Docker/NoCTF.Runtime.Docker.csproj" />
    <Project Path="src/NoCTF.Runtime.Kubernetes/NoCTF.Runtime.Kubernetes.csproj" />
    <Project Path="src/NoCTF.Runtime.Libvirt/NoCTF.Runtime.Libvirt.csproj" />
    <Project Path="src/NoCTF.API/NoCTF.API.csproj" />
    <Project Path="src/NoCTF.Worker/NoCTF.Worker.csproj" />
    <Project Path="src/NoCTF.Runner/NoCTF.Runner.csproj" />
    <Project Path="src/NoCTF.Host/NoCTF.Host.csproj" />
    <Project Path="src/NoCTF.Bot.Core/NoCTF.Bot.Core.csproj" />
    <Project Path="src/NoCTF.Bot.Providers.Milky/NoCTF.Bot.Providers.Milky.csproj" />
    <Project Path="src/NoCTF.Bot/NoCTF.Bot.csproj" />
  </Folder>
  <Folder Name="/tests/">
    <Project Path="tests/NoCTF.Tests/NoCTF.Tests.csproj" />
  </Folder>
  <Folder Name="/benchmarks/">
    <Project Path="benchmarks/NoCTF.Benchmarks/NoCTF.Benchmarks.csproj" />
  </Folder>
</Solution>
